
Microsoft Visual Studio Solution File, Format Version 12.00
# Visual Studio Version 17
VisualStudioVersion = 17.4.33205.214
MinimumVisualStudioVersion = 10.0.40219.1
Project("{FAE04EC0-301F-11D3-BF4B-00C04F79EFBC}") = "csharp ile çarpım tablosu", "csharp ile çarpım tablosu\csharp ile çarpım tablosu.csproj", "{C79511F8-7D0F-41DB-90A8-FE98D0F91638}"
EndProject
Global
	GlobalSection(SolutionConfigurationPlatforms) = preSolution
		Debug|Any CPU = Debug|Any CPU
		Release|Any CPU = Release|Any CPU
	EndGlobalSection
	GlobalSection(ProjectConfigurationPlatforms) = postSolution
		{C79511F8-7D0F-41DB-90A8-FE98D0F91638}.Debug|Any CPU.ActiveCfg = Debug|Any CPU
		{C79511F8-7D0F-41DB-90A8-FE98D0F91638}.Debug|Any CPU.Build.0 = Debug|Any CPU
		{C79511F8-7D0F-41DB-90A8-FE98D0F91638}.Release|Any CPU.ActiveCfg = Release|Any CPU
		{C79511F8-7D0F-41DB-90A8-FE98D0F91638}.Release|Any CPU.Build.0 = Release|Any CPU
	EndGlobalSection
	GlobalSection(SolutionProperties) = preSolution
		HideSolutionNode = FALSE
	EndGlobalSection
	GlobalSection(ExtensibilityGlobals) = postSolution
		SolutionGuid = {D27EC728-C138-4AE0-A84F-1C72965FEEC4}
	EndGlobalSection
EndGlobal
